
Microsoft Visual Studio Solution File, Format Version 12.00
# Visual Studio Version 17
VisualStudioVersion = 17.5.002.0
MinimumVisualStudioVersion = 10.0.40219.1
Project("{9A19103F-16F7-4668-BE54-9A1E7A4F7556}") = "rido_ai_bot", "rido_ai_bot\rido_ai_bot.csproj", "{6A53E6AB-9E83-4F26-984A-F9CB92DDE3C5}"
EndProject
Global
	GlobalSection(SolutionConfigurationPlatforms) = preSolution
		Debug|Any CPU = Debug|Any CPU
		Release|Any CPU = Release|Any CPU
	EndGlobalSection
	GlobalSection(ProjectConfigurationPlatforms) = postSolution
		{6A53E6AB-9E83-4F26-984A-F9CB92DDE3C5}.Debug|Any CPU.ActiveCfg = Debug|Any CPU
		{6A53E6AB-9E83-4F26-984A-F9CB92DDE3C5}.Debug|Any CPU.Build.0 = Debug|Any CPU
		{6A53E6AB-9E83-4F26-984A-F9CB92DDE3C5}.Release|Any CPU.ActiveCfg = Release|Any CPU
		{6A53E6AB-9E83-4F26-984A-F9CB92DDE3C5}.Release|Any CPU.Build.0 = Release|Any CPU
	EndGlobalSection
	GlobalSection(SolutionProperties) = preSolution
		HideSolutionNode = FALSE
	EndGlobalSection
	GlobalSection(ExtensibilityGlobals) = postSolution
		SolutionGuid = {70686826-7400-4800-AC1A-C57FC1DE6372}
	EndGlobalSection
EndGlobal
